Microsoft Visual Studio Solution File, Format Version 12.00
# Visual Studio Version 17
VisualStudioVersion = 17.5.2.0
MinimumVisualStudioVersion = 10.0.40219.1
Project("{FAE04EC0-301F-11D3-BF4B-00C04F79EFBC}") = "IntegracaoCieloEcommerceSandbox", "IntegracaoCieloEcommerceSandbox\IntegracaoCieloEcommerceSandbox.csproj", "{C071A3B5-BE57-4357-3807-E37086A19480}"
EndProject
Global
	GlobalSection(SolutionConfigurationPlatforms) = preSolution
		Debug|Any CPU = Debug|Any CPU
		Release|Any CPU = Release|Any CPU
	EndGlobalSection
	GlobalSection(ProjectConfigurationPlatforms) = postSolution
		{C071A3B5-BE57-4357-3807-E37086A19480}.Debug|Any CPU.ActiveCfg = Debug|Any CPU
		{C071A3B5-BE57-4357-3807-E37086A19480}.Debug|Any CPU.Build.0 = Debug|Any CPU
		{C071A3B5-BE57-4357-3807-E37086A19480}.Release|Any CPU.ActiveCfg = Release|Any CPU
		{C071A3B5-BE57-4357-3807-E37086A19480}.Release|Any CPU.Build.0 = Release|Any CPU
	EndGlobalSection
	GlobalSection(SolutionProperties) = preSolution
		HideSolutionNode = FALSE
	EndGlobalSection
	GlobalSection(ExtensibilityGlobals) = postSolution
		SolutionGuid = {CAB7AC54-AA23-4EC7-B8F9-E81059A20DC4}
	EndGlobalSection
EndGlobal
